// !$*UTF8*$!
{
	archiveVersion = 1;
	classes = {
	};
	objectVersion = 50;
	objects = {

/* Begin PBXBuildFile section */
		34F845E31FA6321F5199E782 /* Pods_pocketAssistantTests.framework in Frameworks */ = {isa = PBXBuildFile; fileRef = 6450FD44100929B3E47E6D1F /* Pods_pocketAssistantTests.framework */; };
		3D0E098922AADA360073FF35 /* TrusteesViewController.swift in Sources */ = {isa = PBXBuildFile; fileRef = 3D0E098822AADA360073FF35 /* TrusteesViewController.swift */; };
		3D114DBA228B045500A4A74C /* EndPointType.swift in Sources */ = {isa = PBXBuildFile; fileRef = 3D114DB9228B045500A4A74C /* EndPointType.swift */; };
		3D114DBC228B053E00A4A74C /* HTTPMethod.swift in Sources */ = {isa = PBXBuildFile; fileRef = 3D114DBB228B053E00A4A74C /* HTTPMethod.swift */; };
		3D114DC0228B05AB00A4A74C /* HTTPTask.swift in Sources */ = {isa = PBXBuildFile; fileRef = 3D114DBF228B05AB00A4A74C /* HTTPTask.swift */; };
		3D114DC4228B075C00A4A74C /* ParameterEncoding.swift in Sources */ = {isa = PBXBuildFile; fileRef = 3D114DC3228B075C00A4A74C /* ParameterEncoding.swift */; };
		3D114DC6228B086900A4A74C /* NetworkError.swift in Sources */ = {isa = PBXBuildFile; fileRef = 3D114DC5228B086900A4A74C /* NetworkError.swift */; };
		3D114DC9228B090200A4A74C /* URLParameterEncoder.swift in Sources */ = {isa = PBXBuildFile; fileRef = 3D114DC8228B090200A4A74C /* URLParameterEncoder.swift */; };
		3D114DCB228B28F100A4A74C /* JSONParameterEncoder.swift in Sources */ = {isa = PBXBuildFile; fileRef = 3D114DCA228B28F100A4A74C /* JSONParameterEncoder.swift */; };
		3D114DCD228B2A9C00A4A74C /* NetworkRouter.swift in Sources */ = {isa = PBXBuildFile; fileRef = 3D114DCC228B2A9C00A4A74C /* NetworkRouter.swift */; };
		3D114DCF228B2F7B00A4A74C /* Router.swift in Sources */ = {isa = PBXBuildFile; fileRef = 3D114DCE228B2F7B00A4A74C /* Router.swift */; };
		3D114DD6228B48EB00A4A74C /* NetworkManager.swift in Sources */ = {isa = PBXBuildFile; fileRef = 3D114DD5228B48EB00A4A74C /* NetworkManager.swift */; };
		3D3C104B22A942A000E1BDD9 /* GestaoUsuariosCollectionViewController.swift in Sources */ = {isa = PBXBuildFile; fileRef = 3D3C104A22A942A000E1BDD9 /* GestaoUsuariosCollectionViewController.swift */; };
		3D3C104D22A9439300E1BDD9 /* GestaoUsuariosCollectionViewCell.swift in Sources */ = {isa = PBXBuildFile; fileRef = 3D3C104C22A9439300E1BDD9 /* GestaoUsuariosCollectionViewCell.swift */; };
		3D3C105422A9909200E1BDD9 /* RelacoesCollectionViewController.swift in Sources */ = {isa = PBXBuildFile; fileRef = 3D3C105322A9909200E1BDD9 /* RelacoesCollectionViewController.swift */; };
		3D3C105822A9918B00E1BDD9 /* RelacaoCollectionViewCell.swift in Sources */ = {isa = PBXBuildFile; fileRef = 3D3C105722A9918B00E1BDD9 /* RelacaoCollectionViewCell.swift */; };
		3D3C105C22A9AA9000E1BDD9 /* AppUtil.swift in Sources */ = {isa = PBXBuildFile; fileRef = 3D3C105B22A9AA9000E1BDD9 /* AppUtil.swift */; };
		3D3C105E22A9B3BC00E1BDD9 /* NovaPermissaoViewController.swift in Sources */ = {isa = PBXBuildFile; fileRef = 3D3C105D22A9B3BC00E1BDD9 /* NovaPermissaoViewController.swift */; };
		3D48FB742295B06F007ACC63 /* ResponseBody.swift in Sources */ = {isa = PBXBuildFile; fileRef = 3D48FB732295B06F007ACC63 /* ResponseBody.swift */; };
		3D48FB762295BCE9007ACC63 /* SessaoEndPoint.swift in Sources */ = {isa = PBXBuildFile; fileRef = 3D48FB752295BCE9007ACC63 /* SessaoEndPoint.swift */; };
		3D60CA0B22A0260D000387D7 /* NetworkHelper.swift in Sources */ = {isa = PBXBuildFile; fileRef = 3D60CA0A22A0260D000387D7 /* NetworkHelper.swift */; };
		3D9311EB2289DD4E000C2635 /* AppDelegate.swift in Sources */ = {isa = PBXBuildFile; fileRef = 3D9311EA2289DD4E000C2635 /* AppDelegate.swift */; };
		3D9311ED2289DD4E000C2635 /* LoginViewController.swift in Sources */ = {isa = PBXBuildFile; fileRef = 3D9311EC2289DD4E000C2635 /* LoginViewController.swift */; };
		3D9311F02289DD4E000C2635 /* Main.storyboard in Resources */ = {isa = PBXBuildFile; fileRef = 3D9311EE2289DD4E000C2635 /* Main.storyboard */; };
		3D9311F22289DD50000C2635 /* Assets.xcassets in Resources */ = {isa = PBXBuildFile; fileRef = 3D9311F12289DD50000C2635 /* Assets.xcassets */; };
		3D9311F52289DD50000C2635 /* LaunchScreen.storyboard in Resources */ = {isa = PBXBuildFile; fileRef = 3D9311F32289DD50000C2635 /* LaunchScreen.storyboard */; };
		3D9312002289DD50000C2635 /* pocketAssistantTests.swift in Sources */ = {isa = PBXBuildFile; fileRef = 3D9311FF2289DD50000C2635 /* pocketAssistantTests.swift */; };
		3D93120B2289DD50000C2635 /* pocketAssistantUITests.swift in Sources */ = {isa = PBXBuildFile; fileRef = 3D93120A2289DD50000C2635 /* pocketAssistantUITests.swift */; };
		3D9ED6DB22E64AC400F38FDE /* SvmkViewController.swift in Sources */ = {isa = PBXBuildFile; fileRef = 3D9ED6DA22E64AC400F38FDE /* SvmkViewController.swift */; };
		3DC449DC22B0819100887720 /* UserSelectionCollectionCollectionViewController.swift in Sources */ = {isa = PBXBuildFile; fileRef = 3DC449DB22B0819100887720 /* UserSelectionCollectionCollectionViewController.swift */; };
		3DC8465622A1AD420032FB31 /* UIColor+RGBinit.swift in Sources */ = {isa = PBXBuildFile; fileRef = 3DC8465522A1AD420032FB31 /* UIColor+RGBinit.swift */; };
		3DC8465D22A54FF60032FB31 /* PerfilViewController.swift in Sources */ = {isa = PBXBuildFile; fileRef = 3DC8465C22A54FF60032FB31 /* PerfilViewController.swift */; };
		3DDB7AD1229DB5C000C4D265 /* UsuarioEndPoint.swift in Sources */ = {isa = PBXBuildFile; fileRef = 3DDB7AD0229DB5C000C4D265 /* UsuarioEndPoint.swift */; };
		3DDB7AD3229DBAB100C4D265 /* TrocarSenhaViewController.swift in Sources */ = {isa = PBXBuildFile; fileRef = 3DDB7AD2229DBAB100C4D265 /* TrocarSenhaViewController.swift */; };
		3DDB7AD7229DDD6400C4D265 /* CriarUsuarioViewController.swift in Sources */ = {isa = PBXBuildFile; fileRef = 3DDB7AD6229DDD6400C4D265 /* CriarUsuarioViewController.swift */; };
		3DDC4055229DFD3800713546 /* URLSession+synchronous.swift in Sources */ = {isa = PBXBuildFile; fileRef = 3DDC4054229DFD3800713546 /* URLSession+synchronous.swift */; };
		3DDC4091229F490100713546 /* Theming.swift in Sources */ = {isa = PBXBuildFile; fileRef = 3DDC4090229F490100713546 /* Theming.swift */; };
		3DDD53FE22DE6802006F36CD /* DiscoveryViewController.swift in Sources */ = {isa = PBXBuildFile; fileRef = 3DDD53FD22DE6802006F36CD /* DiscoveryViewController.swift */; };
		3DDD540022DE6EE9006F36CD /* deviceCollectionViewCell.swift in Sources */ = {isa = PBXBuildFile; fileRef = 3DDD53FF22DE6EE9006F36CD /* deviceCollectionViewCell.swift */; };
		3DDFBCB322E73796004B9711 /* WellcomeViewController.swift in Sources */ = {isa = PBXBuildFile; fileRef = 3DDFBCB222E73796004B9711 /* WellcomeViewController.swift */; };
		3DEBB0F82296D96C006F0E3B /* ObjetosEndPoint.swift in Sources */ = {isa = PBXBuildFile; fileRef = 3DEBB0F72296D96C006F0E3B /* ObjetosEndPoint.swift */; };
		3DEBB0FA2296FF13006F0E3B /* ObjetosViewController.swift in Sources */ = {isa = PBXBuildFile; fileRef = 3DEBB0F92296FF13006F0E3B /* ObjetosViewController.swift */; };
		3DF9AF25229C791E009AFD52 /* ObjetoCell.swift in Sources */ = {isa = PBXBuildFile; fileRef = 3DF9AF24229C791E009AFD52 /* ObjetoCell.swift */; };
		3DFFC7D522C69CB4006F26BE /* textField+Controller.swift in Sources */ = {isa = PBXBuildFile; fileRef = 3DFFC7D422C69CB4006F26BE /* textField+Controller.swift */; };
		DB5B795C171B839FB899B200 /* Pods_pocketAssistantUITests.framework in Frameworks */ = {isa = PBXBuildFile; fileRef = 05C9E0621829363EDDD14786 /* Pods_pocketAssistantUITests.framework */; };
		E59639CB1100C70E66B532AF /* Pods_pocketAssistant.framework in Frameworks */ = {isa = PBXBuildFile; fileRef = FA57C49EE4E0E31AAC057880 /* Pods_pocketAssistant.framework */; };
/* End PBXBuildFile section */

/* Begin PBXContainerItemProxy section */
		3D9311FC2289DD50000C2635 /* PBXContainerItemProxy */ = {
			isa = PBXContainerItemProxy;
			containerPortal = 3D9311DF2289DD4E000C2635 /* Project object */;
			proxyType = 1;
			remoteGlobalIDString = 3D9311E62289DD4E000C2635;
			remoteInfo = pocketAssistant;
		};
		3D9312072289DD50000C2635 /* PBXContainerItemProxy */ = {
			isa = PBXContainerItemProxy;
			containerPortal = 3D9311DF2289DD4E000C2635 /* Project object */;
			proxyType = 1;
			remoteGlobalIDString = 3D9311E62289DD4E000C2635;
			remoteInfo = pocketAssistant;
		};
/* End PBXContainerItemProxy section */

/* Begin PBXFileReference section */
		05C9E0621829363EDDD14786 /* Pods_pocketAssistantUITests.framework */ = {isa = PBXFileReference; explicitFileType = wrapper.framework; includeInIndex = 0; path = Pods_pocketAssistantUITests.framework; sourceTree = BUILT_PRODUCTS_DIR; };
		2FA250FFD5C04EF18BDC5CF8 /* Pods-pocketAssistant.debug.xcconfig */ = {isa = PBXFileReference; includeInIndex = 1; lastKnownFileType = text.xcconfig; name = "Pods-pocketAssistant.debug.xcconfig"; path = "Target Support Files/Pods-pocketAssistant/Pods-pocketAssistant.debug.xcconfig"; sourceTree = "<group>"; };
		3D0E098822AADA360073FF35 /* TrusteesViewController.swift */ = {isa = PBXFileReference; lastKnownFileType = sourcecode.swift; path = TrusteesViewController.swift; sourceTree = "<group>"; };
		3D114DB9228B045500A4A74C /* EndPointType.swift */ = {isa = PBXFileReference; lastKnownFileType = sourcecode.swift; path = EndPointType.swift; sourceTree = "<group>"; };
		3D114DBB228B053E00A4A74C /* HTTPMethod.swift */ = {isa = PBXFileReference; lastKnownFileType = sourcecode.swift; path = HTTPMethod.swift; sourceTree = "<group>"; };
		3D114DBF228B05AB00A4A74C /* HTTPTask.swift */ = {isa = PBXFileReference; lastKnownFileType = sourcecode.swift; path = HTTPTask.swift; sourceTree = "<group>"; };
		3D114DC3228B075C00A4A74C /* ParameterEncoding.swift */ = {isa = PBXFileReference; lastKnownFileType = sourcecode.swift; path = ParameterEncoding.swift; sourceTree = "<group>"; };
		3D114DC5228B086900A4A74C /* NetworkError.swift */ = {isa = PBXFileReference; lastKnownFileType = sourcecode.swift; path = NetworkError.swift; sourceTree = "<group>"; };
		3D114DC8228B090200A4A74C /* URLParameterEncoder.swift */ = {isa = PBXFileReference; lastKnownFileType = sourcecode.swift; path = URLParameterEncoder.swift; sourceTree = "<group>"; };
		3D114DCA228B28F100A4A74C /* JSONParameterEncoder.swift */ = {isa = PBXFileReference; lastKnownFileType = sourcecode.swift; path = JSONParameterEncoder.swift; sourceTree = "<group>"; };
		3D114DCC228B2A9C00A4A74C /* NetworkRouter.swift */ = {isa = PBXFileReference; lastKnownFileType = sourcecode.swift; path = NetworkRouter.swift; sourceTree = "<group>"; };
		3D114DCE228B2F7B00A4A74C /* Router.swift */ = {isa = PBXFileReference; lastKnownFileType = sourcecode.swift; path = Router.swift; sourceTree = "<group>"; };
		3D114DD5228B48EB00A4A74C /* NetworkManager.swift */ = {isa = PBXFileReference; lastKnownFileType = sourcecode.swift; path = NetworkManager.swift; sourceTree = "<group>"; };
		3D3C104A22A942A000E1BDD9 /* GestaoUsuariosCollectionViewController.swift */ = {isa = PBXFileReference; lastKnownFileType = sourcecode.swift; path = GestaoUsuariosCollectionViewController.swift; sourceTree = "<group>"; };
		3D3C104C22A9439300E1BDD9 /* GestaoUsuariosCollectionViewCell.swift */ = {isa = PBXFileReference; lastKnownFileType = sourcecode.swift; path = GestaoUsuariosCollectionViewCell.swift; sourceTree = "<group>"; };
		3D3C105322A9909200E1BDD9 /* RelacoesCollectionViewController.swift */ = {isa = PBXFileReference; lastKnownFileType = sourcecode.swift; path = RelacoesCollectionViewController.swift; sourceTree = "<group>"; };
		3D3C105722A9918B00E1BDD9 /* RelacaoCollectionViewCell.swift */ = {isa = PBXFileReference; lastKnownFileType = sourcecode.swift; path = RelacaoCollectionViewCell.swift; sourceTree = "<group>"; };
		3D3C105B22A9AA9000E1BDD9 /* AppUtil.swift */ = {isa = PBXFileReference; lastKnownFileType = sourcecode.swift; path = AppUtil.swift; sourceTree = "<group>"; };
		3D3C105D22A9B3BC00E1BDD9 /* NovaPermissaoViewController.swift */ = {isa = PBXFileReference; lastKnownFileType = sourcecode.swift; path = NovaPermissaoViewController.swift; sourceTree = "<group>"; };
		3D48FB732295B06F007ACC63 /* ResponseBody.swift */ = {isa = PBXFileReference; lastKnownFileType = sourcecode.swift; path = ResponseBody.swift; sourceTree = "<group>"; };
		3D48FB752295BCE9007ACC63 /* SessaoEndPoint.swift */ = {isa = PBXFileReference; lastKnownFileType = sourcecode.swift; path = SessaoEndPoint.swift; sourceTree = "<group>"; };
		3D60CA0A22A0260D000387D7 /* NetworkHelper.swift */ = {isa = PBXFileReference; lastKnownFileType = sourcecode.swift; path = NetworkHelper.swift; sourceTree = "<group>"; };
		3D9311E72289DD4E000C2635 /* pocketAssistant.app */ = {isa = PBXFileReference; explicitFileType = wrapper.application; includeInIndex = 0; path = pocketAssistant.app; sourceTree = BUILT_PRODUCTS_DIR; };
		3D9311EA2289DD4E000C2635 /* AppDelegate.swift */ = {isa = PBXFileReference; lastKnownFileType = sourcecode.swift; path = AppDelegate.swift; sourceTree = "<group>"; };
		3D9311EC2289DD4E000C2635 /* LoginViewController.swift */ = {isa = PBXFileReference; lastKnownFileType = sourcecode.swift; path = LoginViewController.swift; sourceTree = "<group>"; };
		3D9311EF2289DD4E000C2635 /* Base */ = {isa = PBXFileReference; lastKnownFileType = file.storyboard; name = Base; path = Base.lproj/Main.storyboard; sourceTree = "<group>"; };
		3D9311F12289DD50000C2635 /* Assets.xcassets */ = {isa = PBXFileReference; lastKnownFileType = folder.assetcatalog; path = Assets.xcassets; sourceTree = "<group>"; };
		3D9311F42289DD50000C2635 /* Base */ = {isa = PBXFileReference; lastKnownFileType = file.storyboard; name = Base; path = Base.lproj/LaunchScreen.storyboard; sourceTree = "<group>"; };
		3D9311F62289DD50000C2635 /* Info.plist */ = {isa = PBXFileReference; lastKnownFileType = text.plist.xml; path = Info.plist; sourceTree = "<group>"; };
		3D9311FB2289DD50000C2635 /* pocketAssistantTests.xctest */ = {isa = PBXFileReference; explicitFileType = wrapper.cfbundle; includeInIndex = 0; path = pocketAssistantTests.xctest; sourceTree = BUILT_PRODUCTS_DIR; };
		3D9311FF2289DD50000C2635 /* pocketAssistantTests.swift */ = {isa = PBXFileReference; lastKnownFileType = sourcecode.swift; path = pocketAssistantTests.swift; sourceTree = "<group>"; };
		3D9312012289DD50000C2635 /* Info.plist */ = {isa = PBXFileReference; lastKnownFileType = text.plist.xml; path = Info.plist; sourceTree = "<group>"; };
		3D9312062289DD50000C2635 /* pocketAssistantUITests.xctest */ = {isa = PBXFileReference; explicitFileType = wrapper.cfbundle; includeInIndex = 0; path = pocketAssistantUITests.xctest; sourceTree = BUILT_PRODUCTS_DIR; };
		3D93120A2289DD50000C2635 /* pocketAssistantUITests.swift */ = {isa = PBXFileReference; lastKnownFileType = sourcecode.swift; path = pocketAssistantUITests.swift; sourceTree = "<group>"; };
		3D93120C2289DD50000C2635 /* Info.plist */ = {isa = PBXFileReference; lastKnownFileType = text.plist.xml; path = Info.plist; sourceTree = "<group>"; };
		3D9ED6DA22E64AC400F38FDE /* SvmkViewController.swift */ = {isa = PBXFileReference; lastKnownFileType = sourcecode.swift; path = SvmkViewController.swift; sourceTree = "<group>"; };
		3DC449DB22B0819100887720 /* UserSelectionCollectionCollectionViewController.swift */ = {isa = PBXFileReference; lastKnownFileType = sourcecode.swift; path = UserSelectionCollectionCollectionViewController.swift; sourceTree = "<group>"; };
		3DC8465522A1AD420032FB31 /* UIColor+RGBinit.swift */ = {isa = PBXFileReference; lastKnownFileType = sourcecode.swift; path = "UIColor+RGBinit.swift"; sourceTree = "<group>"; };
		3DC8465C22A54FF60032FB31 /* PerfilViewController.swift */ = {isa = PBXFileReference; lastKnownFileType = sourcecode.swift; path = PerfilViewController.swift; sourceTree = "<group>"; };
		3DDB7AD0229DB5C000C4D265 /* UsuarioEndPoint.swift */ = {isa = PBXFileReference; lastKnownFileType = sourcecode.swift; path = UsuarioEndPoint.swift; sourceTree = "<group>"; };
		3DDB7AD2229DBAB100C4D265 /* TrocarSenhaViewController.swift */ = {isa = PBXFileReference; lastKnownFileType = sourcecode.swift; path = TrocarSenhaViewController.swift; sourceTree = "<group>"; };
		3DDB7AD6229DDD6400C4D265 /* CriarUsuarioViewController.swift */ = {isa = PBXFileReference; lastKnownFileType = sourcecode.swift; path = CriarUsuarioViewController.swift; sourceTree = "<group>"; };
		3DDC4054229DFD3800713546 /* URLSession+synchronous.swift */ = {isa = PBXFileReference; lastKnownFileType = sourcecode.swift; path = "URLSession+synchronous.swift"; sourceTree = "<group>"; };
		3DDC4090229F490100713546 /* Theming.swift */ = {isa = PBXFileReference; lastKnownFileType = sourcecode.swift; path = Theming.swift; sourceTree = "<group>"; };
		3DDD53FD22DE6802006F36CD /* DiscoveryViewController.swift */ = {isa = PBXFileReference; lastKnownFileType = sourcecode.swift; path = DiscoveryViewController.swift; sourceTree = "<group>"; };
		3DDD53FF22DE6EE9006F36CD /* deviceCollectionViewCell.swift */ = {isa = PBXFileReference; lastKnownFileType = sourcecode.swift; path = deviceCollectionViewCell.swift; sourceTree = "<group>"; };
		3DDFBCB222E73796004B9711 /* WellcomeViewController.swift */ = {isa = PBXFileReference; lastKnownFileType = sourcecode.swift; path = WellcomeViewController.swift; sourceTree = "<group>"; };
		3DEBB0F72296D96C006F0E3B /* ObjetosEndPoint.swift */ = {isa = PBXFileReference; lastKnownFileType = sourcecode.swift; path = ObjetosEndPoint.swift; sourceTree = "<group>"; };
		3DEBB0F92296FF13006F0E3B /* ObjetosViewController.swift */ = {isa = PBXFileReference; lastKnownFileType = sourcecode.swift; path = ObjetosViewController.swift; sourceTree = "<group>"; };
		3DF9AF24229C791E009AFD52 /* ObjetoCell.swift */ = {isa = PBXFileReference; lastKnownFileType = sourcecode.swift; path = ObjetoCell.swift; sourceTree = "<group>"; };
		3DFFC7D422C69CB4006F26BE /* textField+Controller.swift */ = {isa = PBXFileReference; lastKnownFileType = sourcecode.swift; path = "textField+Controller.swift"; sourceTree = "<group>"; };
		4035907E3AF831FFA15F767C /* Pods-pocketAssistantUITests.debug.xcconfig */ = {isa = PBXFileReference; includeInIndex = 1; lastKnownFileType = text.xcconfig; name = "Pods-pocketAssistantUITests.debug.xcconfig"; path = "Target Support Files/Pods-pocketAssistantUITests/Pods-pocketAssistantUITests.debug.xcconfig"; sourceTree = "<group>"; };
		6450FD44100929B3E47E6D1F /* Pods_pocketAssistantTests.framework */ = {isa = PBXFileReference; explicitFileType = wrapper.framework; includeInIndex = 0; path = Pods_pocketAssistantTests.framework; sourceTree = BUILT_PRODUCTS_DIR; };
		7691126919138FD928000AE8 /* Pods-pocketAssistantTests.release.xcconfig */ = {isa = PBXFileReference; includeInIndex = 1; lastKnownFileType = text.xcconfig; name = "Pods-pocketAssistantTests.release.xcconfig"; path = "Target Support Files/Pods-pocketAssistantTests/Pods-pocketAssistantTests.release.xcconfig"; sourceTree = "<group>"; };
		9EA8807EC4015E34BDD645DA /* Pods-pocketAssistant.release.xcconfig */ = {isa = PBXFileReference; includeInIndex = 1; lastKnownFileType = text.xcconfig; name = "Pods-pocketAssistant.release.xcconfig"; path = "Target Support Files/Pods-pocketAssistant/Pods-pocketAssistant.release.xcconfig"; sourceTree = "<group>"; };
		D81F925CCA800DB54FAE32EE /* Pods-pocketAssistantUITests.release.xcconfig */ = {isa = PBXFileReference; includeInIndex = 1; lastKnownFileType = text.xcconfig; name = "Pods-pocketAssistantUITests.release.xcconfig"; path = "Target Support Files/Pods-pocketAssistantUITests/Pods-pocketAssistantUITests.release.xcconfig"; sourceTree = "<group>"; };
		FA57C49EE4E0E31AAC057880 /* Pods_pocketAssistant.framework */ = {isa = PBXFileReference; explicitFileType = wrapper.framework; includeInIndex = 0; path = Pods_pocketAssistant.framework; sourceTree = BUILT_PRODUCTS_DIR; };
		FD99B90E95977651BAF33D81 /* Pods-pocketAssistantTests.debug.xcconfig */ = {isa = PBXFileReference; includeInIndex = 1; lastKnownFileType = text.xcconfig; name = "Pods-pocketAssistantTests.debug.xcconfig"; path = "Target Support Files/Pods-pocketAssistantTests/Pods-pocketAssistantTests.debug.xcconfig"; sourceTree = "<group>"; };
/* End PBXFileReference section */

/* Begin PBXFrameworksBuildPhase section */
		3D9311E42289DD4E000C2635 /* Frameworks */ = {
			isa = PBXFrameworksBuildPhase;
			buildActionMask = 2147483647;
			files = (
				E59639CB1100C70E66B532AF /* Pods_pocketAssistant.framework in Frameworks */,
			);
			runOnlyForDeploymentPostprocessing = 0;
		};
		3D9311F82289DD50000C2635 /* Frameworks */ = {
			isa = PBXFrameworksBuildPhase;
			buildActionMask = 2147483647;
			files = (
				34F845E31FA6321F5199E782 /* Pods_pocketAssistantTests.framework in Frameworks */,
			);
			runOnlyForDeploymentPostprocessing = 0;
		};
		3D9312032289DD50000C2635 /* Frameworks */ = {
			isa = PBXFrameworksBuildPhase;
			buildActionMask = 2147483647;
			files = (
				DB5B795C171B839FB899B200 /* Pods_pocketAssistantUITests.framework in Frameworks */,
			);
			runOnlyForDeploymentPostprocessing = 0;
		};
/* End PBXFrameworksBuildPhase section */

/* Begin PBXGroup section */
		3D114DB6228B03D000A4A74C /* Application */ = {
			isa = PBXGroup;
			children = (
				3D9311EA2289DD4E000C2635 /* AppDelegate.swift */,
				3D3C105B22A9AA9000E1BDD9 /* AppUtil.swift */,
			);
			path = Application;
			sourceTree = "<group>";
		};
		3D114DB7228B03E100A4A74C /* ViewController */ = {
			isa = PBXGroup;
			children = (
				3DDFBCB222E73796004B9711 /* WellcomeViewController.swift */,
				3D9ED6DA22E64AC400F38FDE /* SvmkViewController.swift */,
				3DDD53FF22DE6EE9006F36CD /* deviceCollectionViewCell.swift */,
				3DDD53FD22DE6802006F36CD /* DiscoveryViewController.swift */,
				3D9311EC2289DD4E000C2635 /* LoginViewController.swift */,
				3DF882F722C63F7C00205315 /* Objetos */,
				3DF882F822C63FA200205315 /* Relações */,
				3DF882FA22C63FCA00205315 /* Gestão */,
				3DF882FB22C63FEA00205315 /* Usuário */,
				3DC8465522A1AD420032FB31 /* UIColor+RGBinit.swift */,
			);
			path = ViewController;
			sourceTree = "<group>";
		};
		3D114DB8228B043800A4A74C /* Network */ = {
			isa = PBXGroup;
			children = (
				3D114DBE228B055900A4A74C /* EndPoint */,
				3D114DBD228B054800A4A74C /* Service */,
				3D114DC7228B08E800A4A74C /* Encoding */,
				3D114DD7228B48FE00A4A74C /* Manager */,
				3DDC4054229DFD3800713546 /* URLSession+synchronous.swift */,
				3D60CA0A22A0260D000387D7 /* NetworkHelper.swift */,
				3D114DC5228B086900A4A74C /* NetworkError.swift */,
			);
			path = Network;
			sourceTree = "<group>";
		};
		3D114DBD228B054800A4A74C /* Service */ = {
			isa = PBXGroup;
			children = (
				3D114DCC228B2A9C00A4A74C /* NetworkRouter.swift */,
				3D114DCE228B2F7B00A4A74C /* Router.swift */,
				3D114DBB228B053E00A4A74C /* HTTPMethod.swift */,
				3D114DBF228B05AB00A4A74C /* HTTPTask.swift */,
			);
			path = Service;
			sourceTree = "<group>";
		};
		3D114DBE228B055900A4A74C /* EndPoint */ = {
			isa = PBXGroup;
			children = (
				3D114DB9228B045500A4A74C /* EndPointType.swift */,
				3DDB7AD0229DB5C000C4D265 /* UsuarioEndPoint.swift */,
				3D48FB752295BCE9007ACC63 /* SessaoEndPoint.swift */,
				3DEBB0F72296D96C006F0E3B /* ObjetosEndPoint.swift */,
			);
			path = EndPoint;
			sourceTree = "<group>";
		};
		3D114DC7228B08E800A4A74C /* Encoding */ = {
			isa = PBXGroup;
			children = (
				3D114DC3228B075C00A4A74C /* ParameterEncoding.swift */,
				3D114DC8228B090200A4A74C /* URLParameterEncoder.swift */,
				3D114DCA228B28F100A4A74C /* JSONParameterEncoder.swift */,
			);
			path = Encoding;
			sourceTree = "<group>";
		};
		3D114DD4228B48AD00A4A74C /* Model */ = {
			isa = PBXGroup;
			children = (
				3D19F95122A156670071644C /* Bodies */,
				3DFFC7D422C69CB4006F26BE /* textField+Controller.swift */,
			);
			path = Model;
			sourceTree = "<group>";
		};
		3D114DD7228B48FE00A4A74C /* Manager */ = {
			isa = PBXGroup;
			children = (
				3D114DD5228B48EB00A4A74C /* NetworkManager.swift */,
			);
			path = Manager;
			sourceTree = "<group>";
		};
		3D19F95122A156670071644C /* Bodies */ = {
			isa = PBXGroup;
			children = (
				3D48FB732295B06F007ACC63 /* ResponseBody.swift */,
			);
			path = Bodies;
			sourceTree = "<group>";
		};
		3D9311DE2289DD4E000C2635 = {
			isa = PBXGroup;
			children = (
				3D9311E92289DD4E000C2635 /* pocketAssistant */,
				3D9311FE2289DD50000C2635 /* pocketAssistantTests */,
				3D9312092289DD50000C2635 /* pocketAssistantUITests */,
				3D9311E82289DD4E000C2635 /* Products */,
				CD5897A3AA06EA33D49B15C2 /* Pods */,
				C4F8B999163EE1C597E251CD /* Frameworks */,
			);
			sourceTree = "<group>";
		};
		3D9311E82289DD4E000C2635 /* Products */ = {
			isa = PBXGroup;
			children = (
				3D9311E72289DD4E000C2635 /* pocketAssistant.app */,
				3D9311FB2289DD50000C2635 /* pocketAssistantTests.xctest */,
				3D9312062289DD50000C2635 /* pocketAssistantUITests.xctest */,
			);
			name = Products;
			sourceTree = "<group>";
		};
		3D9311E92289DD4E000C2635 /* pocketAssistant */ = {
			isa = PBXGroup;
			children = (
				3D114DD4228B48AD00A4A74C /* Model */,
				3D114DB8228B043800A4A74C /* Network */,
				3D114DB6228B03D000A4A74C /* Application */,
				3D114DB7228B03E100A4A74C /* ViewController */,
				3D9311EE2289DD4E000C2635 /* Main.storyboard */,
				3D9311F12289DD50000C2635 /* Assets.xcassets */,
				3D9311F32289DD50000C2635 /* LaunchScreen.storyboard */,
				3D9311F62289DD50000C2635 /* Info.plist */,
				3DDC4090229F490100713546 /* Theming.swift */,
			);
			path = pocketAssistant;
			sourceTree = "<group>";
		};
		3D9311FE2289DD50000C2635 /* pocketAssistantTests */ = {
			isa = PBXGroup;
			children = (
				3D9311FF2289DD50000C2635 /* pocketAssistantTests.swift */,
				3D9312012289DD50000C2635 /* Info.plist */,
			);
			path = pocketAssistantTests;
			sourceTree = "<group>";
		};
		3D9312092289DD50000C2635 /* pocketAssistantUITests */ = {
			isa = PBXGroup;
			children = (
				3D93120A2289DD50000C2635 /* pocketAssistantUITests.swift */,
				3D93120C2289DD50000C2635 /* Info.plist */,
			);
			path = pocketAssistantUITests;
			sourceTree = "<group>";
		};
		3DF882F722C63F7C00205315 /* Objetos */ = {
			isa = PBXGroup;
			children = (
				3DEBB0F92296FF13006F0E3B /* ObjetosViewController.swift */,
				3DF9AF24229C791E009AFD52 /* ObjetoCell.swift */,
			);
			path = Objetos;
			sourceTree = "<group>";
		};
		3DF882F822C63FA200205315 /* Relações */ = {
			isa = PBXGroup;
			children = (
				3DF882F922C63FBA00205315 /* Views */,
				3D3C105322A9909200E1BDD9 /* RelacoesCollectionViewController.swift */,
				3D0E098822AADA360073FF35 /* TrusteesViewController.swift */,
				3D3C105D22A9B3BC00E1BDD9 /* NovaPermissaoViewController.swift */,
				3DC449DB22B0819100887720 /* UserSelectionCollectionCollectionViewController.swift */,
			);
			name = "Relações";
			path = "Relações";
			sourceTree = "<group>";
		};
		3DF882F922C63FBA00205315 /* Views */ = {
			isa = PBXGroup;
			children = (
				3D3C105722A9918B00E1BDD9 /* RelacaoCollectionViewCell.swift */,
			);
			path = Views;
			sourceTree = "<group>";
		};
		3DF882FA22C63FCA00205315 /* Gestão */ = {
			isa = PBXGroup;
			children = (
				3DDB7AD6229DDD6400C4D265 /* CriarUsuarioViewController.swift */,
				3D3C104C22A9439300E1BDD9 /* GestaoUsuariosCollectionViewCell.swift */,
				3D3C104A22A942A000E1BDD9 /* GestaoUsuariosCollectionViewController.swift */,
			);
			name = "Gestão";
			path = "Gestão";
			sourceTree = "<group>";
		};
		3DF882FB22C63FEA00205315 /* Usuário */ = {
			isa = PBXGroup;
			children = (
				3DDB7AD2229DBAB100C4D265 /* TrocarSenhaViewController.swift */,
				3DC8465C22A54FF60032FB31 /* PerfilViewController.swift */,
			);
			name = "Usuário";
			path = "Usuário";
			sourceTree = "<group>";
		};
		C4F8B999163EE1C597E251CD /* Frameworks */ = {
			isa = PBXGroup;
			children = (
				FA57C49EE4E0E31AAC057880 /* Pods_pocketAssistant.framework */,
				6450FD44100929B3E47E6D1F /* Pods_pocketAssistantTests.framework */,
				05C9E0621829363EDDD14786 /* Pods_pocketAssistantUITests.framework */,
			);
			name = Frameworks;
			sourceTree = "<group>";
		};
		CD5897A3AA06EA33D49B15C2 /* Pods */ = {
			isa = PBXGroup;
			children = (
				2FA250FFD5C04EF18BDC5CF8 /* Pods-pocketAssistant.debug.xcconfig */,
				9EA8807EC4015E34BDD645DA /* Pods-pocketAssistant.release.xcconfig */,
				FD99B90E95977651BAF33D81 /* Pods-pocketAssistantTests.debug.xcconfig */,
				7691126919138FD928000AE8 /* Pods-pocketAssistantTests.release.xcconfig */,
				4035907E3AF831FFA15F767C /* Pods-pocketAssistantUITests.debug.xcconfig */,
				D81F925CCA800DB54FAE32EE /* Pods-pocketAssistantUITests.release.xcconfig */,
			);
			path = Pods;
			sourceTree = "<group>";
		};
/* End PBXGroup section */

/* Begin PBXNativeTarget section */
		3D9311E62289DD4E000C2635 /* pocketAssistant */ = {
			isa = PBXNativeTarget;
			buildConfigurationList = 3D93120F2289DD50000C2635 /* Build configuration list for PBXNativeTarget "pocketAssistant" */;
			buildPhases = (
				4565060E490B864FE03C4433 /* [CP] Check Pods Manifest.lock */,
				3D9311E32289DD4E000C2635 /* Sources */,
				3D9311E42289DD4E000C2635 /* Frameworks */,
				3D9311E52289DD4E000C2635 /* Resources */,
				52A98CA86E4E05FA3762382F /* [CP] Embed Pods Frameworks */,
			);
			buildRules = (
			);
			dependencies = (
			);
			name = pocketAssistant;
			productName = pocketAssistant;
			productReference = 3D9311E72289DD4E000C2635 /* pocketAssistant.app */;
			productType = "com.apple.product-type.application";
		};
		3D9311FA2289DD50000C2635 /* pocketAssistantTests */ = {
			isa = PBXNativeTarget;
			buildConfigurationList = 3D9312122289DD50000C2635 /* Build configuration list for PBXNativeTarget "pocketAssistantTests" */;
			buildPhases = (
				488FE727CB488AC1B638F499 /* [CP] Check Pods Manifest.lock */,
				3D9311F72289DD50000C2635 /* Sources */,
				3D9311F82289DD50000C2635 /* Frameworks */,
				3D9311F92289DD50000C2635 /* Resources */,
			);
			buildRules = (
			);
			dependencies = (
				3D9311FD2289DD50000C2635 /* PBXTargetDependency */,
			);
			name = pocketAssistantTests;
			productName = pocketAssistantTests;
			productReference = 3D9311FB2289DD50000C2635 /* pocketAssistantTests.xctest */;
			productType = "com.apple.product-type.bundle.unit-test";
		};
		3D9312052289DD50000C2635 /* pocketAssistantUITests */ = {
			isa = PBXNativeTarget;
			buildConfigurationList = 3D9312152289DD50000C2635 /* Build configuration list for PBXNativeTarget "pocketAssistantUITests" */;
			buildPhases = (
				EFEDC8AEE8D8455DED80D3D0 /* [CP] Check Pods Manifest.lock */,
				3D9312022289DD50000C2635 /* Sources */,
				3D9312032289DD50000C2635 /* Frameworks */,
				3D9312042289DD50000C2635 /* Resources */,
			);
			buildRules = (
			);
			dependencies = (
				3D9312082289DD50000C2635 /* PBXTargetDependency */,
			);
			name = pocketAssistantUITests;
			productName = pocketAssistantUITests;
			productReference = 3D9312062289DD50000C2635 /* pocketAssistantUITests.xctest */;
			productType = "com.apple.product-type.bundle.ui-testing";
		};
/* End PBXNativeTarget section */

/* Begin PBXProject section */
		3D9311DF2289DD4E000C2635 /* Project object */ = {
			isa = PBXProject;
			attributes = {
				LastSwiftUpdateCheck = 1020;
				LastUpgradeCheck = 1020;
				ORGANIZATIONNAME = "William Simiao";
				TargetAttributes = {
					3D9311E62289DD4E000C2635 = {
						CreatedOnToolsVersion = 10.2.1;
					};
					3D9311FA2289DD50000C2635 = {
						CreatedOnToolsVersion = 10.2.1;
						TestTargetID = 3D9311E62289DD4E000C2635;
					};
					3D9312052289DD50000C2635 = {
						CreatedOnToolsVersion = 10.2.1;
						TestTargetID = 3D9311E62289DD4E000C2635;
					};
				};
			};
			buildConfigurationList = 3D9311E22289DD4E000C2635 /* Build configuration list for PBXProject "pocketAssistant" */;
			compatibilityVersion = "Xcode 9.3";
			developmentRegion = en;
			hasScannedForEncodings = 0;
			knownRegions = (
				en,
				Base,
			);
			mainGroup = 3D9311DE2289DD4E000C2635;
			productRefGroup = 3D9311E82289DD4E000C2635 /* Products */;
			projectDirPath = "";
			projectRoot = "";
			targets = (
				3D9311E62289DD4E000C2635 /* pocketAssistant */,
				3D9311FA2289DD50000C2635 /* pocketAssistantTests */,
				3D9312052289DD50000C2635 /* pocketAssistantUITests */,
			);
		};
/* End PBXProject section */

/* Begin PBXResourcesBuildPhase section */
		3D9311E52289DD4E000C2635 /* Resources */ = {
			isa = PBXResourcesBuildPhase;
			buildActionMask = 2147483647;
			files = (
				3D9311F52289DD50000C2635 /* LaunchScreen.storyboard in Resources */,
				3D9311F22289DD50000C2635 /* Assets.xcassets in Resources */,
				3D9311F02289DD4E000C2635 /* Main.storyboard in Resources */,
			);
			runOnlyForDeploymentPostprocessing = 0;
		};
		3D9311F92289DD50000C2635 /* Resources */ = {
			isa = PBXResourcesBuildPhase;
			buildActionMask = 2147483647;
			files = (
			);
			runOnlyForDeploymentPostprocessing = 0;
		};
		3D9312042289DD50000C2635 /* Resources */ = {
			isa = PBXResourcesBuildPhase;
			buildActionMask = 2147483647;
			files = (
			);
			runOnlyForDeploymentPostprocessing = 0;
		};
/* End PBXResourcesBuildPhase section */

/* Begin PBXShellScriptBuildPhase section */
		4565060E490B864FE03C4433 /* [CP] Check Pods Manifest.lock */ = {
			isa = PBXShellScriptBuildPhase;
			buildActionMask = 2147483647;
			files = (
			);
			inputFileListPaths = (
			);
			inputPaths = (
				"${PODS_PODFILE_DIR_PATH}/Podfile.lock",
				"${PODS_ROOT}/Manifest.lock",
			);
			name = "[CP] Check Pods Manifest.lock";
			outputFileListPaths = (
			);
			outputPaths = (
				"$(DERIVED_FILE_DIR)/Pods-pocketAssistant-checkManifestLockResult.txt",
			);
			runOnlyForDeploymentPostprocessing = 0;
			shellPath = /bin/sh;
			shellScript = "diff \"${PODS_PODFILE_DIR_PATH}/Podfile.lock\" \"${PODS_ROOT}/Manifest.lock\" > /dev/null\nif [ $? != 0 ] ; then\n    # print error to STDERR\n    echo \"error: The sandbox is not in sync with the Podfile.lock. Run 'pod install' or update your CocoaPods installation.\" >&2\n    exit 1\nfi\n# This output is used by Xcode 'outputs' to avoid re-running this script phase.\necho \"SUCCESS\" > \"${SCRIPT_OUTPUT_FILE_0}\"\n";
			showEnvVarsInLog = 0;
		};
		488FE727CB488AC1B638F499 /* [CP] Check Pods Manifest.lock */ = {
			isa = PBXShellScriptBuildPhase;
			buildActionMask = 2147483647;
			files = (
			);
			inputFileListPaths = (
			);
			inputPaths = (
				"${PODS_PODFILE_DIR_PATH}/Podfile.lock",
				"${PODS_ROOT}/Manifest.lock",
			);
			name = "[CP] Check Pods Manifest.lock";
			outputFileListPaths = (
			);
			outputPaths = (
				"$(DERIVED_FILE_DIR)/Pods-pocketAssistantTests-checkManifestLockResult.txt",
			);
			runOnlyForDeploymentPostprocessing = 0;
			shellPath = /bin/sh;
			shellScript = "diff \"${PODS_PODFILE_DIR_PATH}/Podfile.lock\" \"${PODS_ROOT}/Manifest.lock\" > /dev/null\nif [ $? != 0 ] ; then\n    # print error to STDERR\n    echo \"error: The sandbox is not in sync with the Podfile.lock. Run 'pod install' or update your CocoaPods installation.\" >&2\n    exit 1\nfi\n# This output is used by Xcode 'outputs' to avoid re-running this script phase.\necho \"SUCCESS\" > \"${SCRIPT_OUTPUT_FILE_0}\"\n";
			showEnvVarsInLog = 0;
		};
		52A98CA86E4E05FA3762382F /* [CP] Embed Pods Frameworks */ = {
			isa = PBXShellScriptBuildPhase;
			buildActionMask = 2147483647;
			files = (
			);
			inputFileListPaths = (
			);
			inputPaths = (
				"${PODS_ROOT}/Target Support Files/Pods-pocketAssistant/Pods-pocketAssistant-frameworks.sh",
				"${BUILT_PRODUCTS_DIR}/ASN1Decoder/ASN1Decoder.framework",
				"${BUILT_PRODUCTS_DIR}/MDFInternationalization/MDFInternationalization.framework",
				"${BUILT_PRODUCTS_DIR}/MDFTextAccessibility/MDFTextAccessibility.framework",
				"${BUILT_PRODUCTS_DIR}/MaterialComponents/MaterialComponents.framework",
				"${BUILT_PRODUCTS_DIR}/MotionAnimator/MotionAnimator.framework",
				"${BUILT_PRODUCTS_DIR}/MotionInterchange/MotionInterchange.framework",
				"${BUILT_PRODUCTS_DIR}/Socket.IO-Client-Swift/SocketIO.framework",
				"${BUILT_PRODUCTS_DIR}/Starscream/Starscream.framework",
				"${BUILT_PRODUCTS_DIR}/SwiftKeychainWrapper/SwiftKeychainWrapper.framework",
			);
			name = "[CP] Embed Pods Frameworks";
			outputFileListPaths = (
			);
			outputPaths = (
				"${TARGET_BUILD_DIR}/${FRAMEWORKS_FOLDER_PATH}/ASN1Decoder.framework",
				"${TARGET_BUILD_DIR}/${FRAMEWORKS_FOLDER_PATH}/MDFInternationalization.framework",
				"${TARGET_BUILD_DIR}/${FRAMEWORKS_FOLDER_PATH}/MDFTextAccessibility.framework",
				"${TARGET_BUILD_DIR}/${FRAMEWORKS_FOLDER_PATH}/MaterialComponents.framework",
				"${TARGET_BUILD_DIR}/${FRAMEWORKS_FOLDER_PATH}/MotionAnimator.framework",
				"${TARGET_BUILD_DIR}/${FRAMEWORKS_FOLDER_PATH}/MotionInterchange.framework",
				"${TARGET_BUILD_DIR}/${FRAMEWORKS_FOLDER_PATH}/SocketIO.framework",
				"${TARGET_BUILD_DIR}/${FRAMEWORKS_FOLDER_PATH}/Starscream.framework",
				"${TARGET_BUILD_DIR}/${FRAMEWORKS_FOLDER_PATH}/SwiftKeychainWrapper.framework",
			);
			runOnlyForDeploymentPostprocessing = 0;
			shellPath = /bin/sh;
			shellScript = "\"${PODS_ROOT}/Target Support Files/Pods-pocketAssistant/Pods-pocketAssistant-frameworks.sh\"\n";
			showEnvVarsInLog = 0;
		};
		EFEDC8AEE8D8455DED80D3D0 /* [CP] Check Pods Manifest.lock */ = {
			isa = PBXShellScriptBuildPhase;
			buildActionMask = 2147483647;
			files = (
			);
			inputFileListPaths = (
			);
			inputPaths = (
				"${PODS_PODFILE_DIR_PATH}/Podfile.lock",
				"${PODS_ROOT}/Manifest.lock",
			);
			name = "[CP] Check Pods Manifest.lock";
			outputFileListPaths = (
			);
			outputPaths = (
				"$(DERIVED_FILE_DIR)/Pods-pocketAssistantUITests-checkManifestLockResult.txt",
			);
			runOnlyForDeploymentPostprocessing = 0;
			shellPath = /bin/sh;
			shellScript = "diff \"${PODS_PODFILE_DIR_PATH}/Podfile.lock\" \"${PODS_ROOT}/Manifest.lock\" > /dev/null\nif [ $? != 0 ] ; then\n    # print error to STDERR\n    echo \"error: The sandbox is not in sync with the Podfile.lock. Run 'pod install' or update your CocoaPods installation.\" >&2\n    exit 1\nfi\n# This output is used by Xcode 'outputs' to avoid re-running this script phase.\necho \"SUCCESS\" > \"${SCRIPT_OUTPUT_FILE_0}\"\n";
			showEnvVarsInLog = 0;
		};
/* End PBXShellScriptBuildPhase section */

/* Begin PBXSourcesBuildPhase section */
		3D9311E32289DD4E000C2635 /* Sources */ = {
			isa = PBXSourcesBuildPhase;
			buildActionMask = 2147483647;
			files = (
				3D60CA0B22A0260D000387D7 /* NetworkHelper.swift in Sources */,
				3D0E098922AADA360073FF35 /* TrusteesViewController.swift in Sources */,
				3D3C105E22A9B3BC00E1BDD9 /* NovaPermissaoViewController.swift in Sources */,
				3D114DCF228B2F7B00A4A74C /* Router.swift in Sources */,
				3D114DC9228B090200A4A74C /* URLParameterEncoder.swift in Sources */,
				3DDB7AD1229DB5C000C4D265 /* UsuarioEndPoint.swift in Sources */,
				3D114DC4228B075C00A4A74C /* ParameterEncoding.swift in Sources */,
				3D3C105C22A9AA9000E1BDD9 /* AppUtil.swift in Sources */,
				3DDFBCB322E73796004B9711 /* WellcomeViewController.swift in Sources */,
				3DDD540022DE6EE9006F36CD /* deviceCollectionViewCell.swift in Sources */,
				3DC8465622A1AD420032FB31 /* UIColor+RGBinit.swift in Sources */,
				3DC449DC22B0819100887720 /* UserSelectionCollectionCollectionViewController.swift in Sources */,
				3D114DC6228B086900A4A74C /* NetworkError.swift in Sources */,
				3D114DBC228B053E00A4A74C /* HTTPMethod.swift in Sources */,
				3DDC4091229F490100713546 /* Theming.swift in Sources */,
				3DF9AF25229C791E009AFD52 /* ObjetoCell.swift in Sources */,
				3D48FB742295B06F007ACC63 /* ResponseBody.swift in Sources */,
				3D3C105422A9909200E1BDD9 /* RelacoesCollectionViewController.swift in Sources */,
				3DEBB0FA2296FF13006F0E3B /* ObjetosViewController.swift in Sources */,
				3DDB7AD7229DDD6400C4D265 /* CriarUsuarioViewController.swift in Sources */,
				3D3C104D22A9439300E1BDD9 /* GestaoUsuariosCollectionViewCell.swift in Sources */,
				3D114DC0228B05AB00A4A74C /* HTTPTask.swift in Sources */,
				3D114DCB228B28F100A4A74C /* JSONParameterEncoder.swift in Sources */,
				3DEBB0F82296D96C006F0E3B /* ObjetosEndPoint.swift in Sources */,
				3D9311ED2289DD4E000C2635 /* LoginViewController.swift in Sources */,
				3D3C105822A9918B00E1BDD9 /* RelacaoCollectionViewCell.swift in Sources */,
				3D9ED6DB22E64AC400F38FDE /* SvmkViewController.swift in Sources */,
				3D114DCD228B2A9C00A4A74C /* NetworkRouter.swift in Sources */,
				3DC8465D22A54FF60032FB31 /* PerfilViewController.swift in Sources */,
				3DDB7AD3229DBAB100C4D265 /* TrocarSenhaViewController.swift in Sources */,
				3DFFC7D522C69CB4006F26BE /* textField+Controller.swift in Sources */,
				3D3C104B22A942A000E1BDD9 /* GestaoUsuariosCollectionViewController.swift in Sources */,
				3D114DD6228B48EB00A4A74C /* NetworkManager.swift in Sources */,
				3DDC4055229DFD3800713546 /* URLSession+synchronous.swift in Sources */,
				3D9311EB2289DD4E000C2635 /* AppDelegate.swift in Sources */,
				3D48FB762295BCE9007ACC63 /* SessaoEndPoint.swift in Sources */,
				3D114DBA228B045500A4A74C /* EndPointType.swift in Sources */,
				3DDD53FE22DE6802006F36CD /* DiscoveryViewController.swift in Sources */,
			);
			runOnlyForDeploymentPostprocessing = 0;
		};
		3D9311F72289DD50000C2635 /* Sources */ = {
			isa = PBXSourcesBuildPhase;
			buildActionMask = 2147483647;
			files = (
				3D9312002289DD50000C2635 /* pocketAssistantTests.swift in Sources */,
			);
			runOnlyForDeploymentPostprocessing = 0;
		};
		3D9312022289DD50000C2635 /* Sources */ = {
			isa = PBXSourcesBuildPhase;
			buildActionMask = 2147483647;
			files = (
				3D93120B2289DD50000C2635 /* pocketAssistantUITests.swift in Sources */,
			);
			runOnlyForDeploymentPostprocessing = 0;
		};
/* End PBXSourcesBuildPhase section */

/* Begin PBXTargetDependency section */
		3D9311FD2289DD50000C2635 /* PBXTargetDependency */ = {
			isa = PBXTargetDependency;
			target = 3D9311E62289DD4E000C2635 /* pocketAssistant */;
			targetProxy = 3D9311FC2289DD50000C2635 /* PBXContainerItemProxy */;
		};
		3D9312082289DD50000C2635 /* PBXTargetDependency */ = {
			isa = PBXTargetDependency;
			target = 3D9311E62289DD4E000C2635 /* pocketAssistant */;
			targetProxy = 3D9312072289DD50000C2635 /* PBXContainerItemProxy */;
		};
/* End PBXTargetDependency section */

/* Begin PBXVariantGroup section */
		3D9311EE2289DD4E000C2635 /* Main.storyboard */ = {
			isa = PBXVariantGroup;
			children = (
				3D9311EF2289DD4E000C2635 /* Base */,
			);
			name = Main.storyboard;
			sourceTree = "<group>";
		};
		3D9311F32289DD50000C2635 /* LaunchScreen.storyboard */ = {
			isa = PBXVariantGroup;
			children = (
				3D9311F42289DD50000C2635 /* Base */,
			);
			name = LaunchScreen.storyboard;
			sourceTree = "<group>";
		};
/* End PBXVariantGroup section */

/* Begin XCBuildConfiguration section */
		3D93120D2289DD50000C2635 /* Debug */ = {
			isa = XCBuildConfiguration;
			buildSettings = {
				ALWAYS_SEARCH_USER_PATHS = NO;
				CLANG_ANALYZER_NONNULL = YES;
				CLANG_ANALYZER_NUMBER_OBJECT_CONVERSION = YES_AGGRESSIVE;
				CLANG_CXX_LANGUAGE_STANDARD = "gnu++14";
				CLANG_CXX_LIBRARY = "libc++";
				CLANG_ENABLE_MODULES = YES;
				CLANG_ENABLE_OBJC_ARC = YES;
				CLANG_ENABLE_OBJC_WEAK = YES;
				CLANG_WARN_BLOCK_CAPTURE_AUTORELEASING = YES;
				CLANG_WARN_BOOL_CONVERSION = YES;
				CLANG_WARN_COMMA = YES;
				CLANG_WARN_CONSTANT_CONVERSION = YES;
				CLANG_WARN_DEPRECATED_OBJC_IMPLEMENTATIONS = YES;
				CLANG_WARN_DIRECT_OBJC_ISA_USAGE = YES_ERROR;
				CLANG_WARN_DOCUMENTATION_COMMENTS = YES;
				CLANG_WARN_EMPTY_BODY = YES;
				CLANG_WARN_ENUM_CONVERSION = YES;
				CLANG_WARN_INFINITE_RECURSION = YES;
				CLANG_WARN_INT_CONVERSION = YES;
				CLANG_WARN_NON_LITERAL_NULL_CONVERSION = YES;
				CLANG_WARN_OBJC_IMPLICIT_RETAIN_SELF = YES;
				CLANG_WARN_OBJC_LITERAL_CONVERSION = YES;
				CLANG_WARN_OBJC_ROOT_CLASS = YES_ERROR;
				CLANG_WARN_RANGE_LOOP_ANALYSIS = YES;
				CLANG_WARN_STRICT_PROTOTYPES = YES;
				CLANG_WARN_SUSPICIOUS_MOVE = YES;
				CLANG_WARN_UNGUARDED_AVAILABILITY = YES_AGGRESSIVE;
				CLANG_WARN_UNREACHABLE_CODE = YES;
				CLANG_WARN__DUPLICATE_METHOD_MATCH = YES;
				CODE_SIGN_IDENTITY = "iPhone Developer";
				COPY_PHASE_STRIP = NO;
				DEBUG_INFORMATION_FORMAT = dwarf;
				ENABLE_STRICT_OBJC_MSGSEND = YES;
				ENABLE_TESTABILITY = YES;
				GCC_C_LANGUAGE_STANDARD = gnu11;
				GCC_DYNAMIC_NO_PIC = NO;
				GCC_NO_COMMON_BLOCKS = YES;
				GCC_OPTIMIZATION_LEVEL = 0;
				GCC_PREPROCESSOR_DEFINITIONS = (
					"DEBUG=1",
					"$(inherited)",
				);
				GCC_WARN_64_TO_32_BIT_CONVERSION = YES;
				GCC_WARN_ABOUT_RETURN_TYPE = YES_ERROR;
				GCC_WARN_UNDECLARED_SELECTOR = YES;
				GCC_WARN_UNINITIALIZED_AUTOS = YES_AGGRESSIVE;
				GCC_WARN_UNUSED_FUNCTION = YES;
				GCC_WARN_UNUSED_VARIABLE = YES;
				IPHONEOS_DEPLOYMENT_TARGET = 12.2;
				MTL_ENABLE_DEBUG_INFO = INCLUDE_SOURCE;
				MTL_FAST_MATH = YES;
				ONLY_ACTIVE_ARCH = YES;
				SDKROOT = iphoneos;
				SWIFT_ACTIVE_COMPILATION_CONDITIONS = DEBUG;
				SWIFT_OPTIMIZATION_LEVEL = "-Onone";
			};
			name = Debug;
		};
		3D93120E2289DD50000C2635 /* Release */ = {
			isa = XCBuildConfiguration;
			buildSettings = {
				ALWAYS_SEARCH_USER_PATHS = NO;
				CLANG_ANALYZER_NONNULL = YES;
				CLANG_ANALYZER_NUMBER_OBJECT_CONVERSION = YES_AGGRESSIVE;
				CLANG_CXX_LANGUAGE_STANDARD = "gnu++14";
				CLANG_CXX_LIBRARY = "libc++";
				CLANG_ENABLE_MODULES = YES;
				CLANG_ENABLE_OBJC_ARC = YES;
				CLANG_ENABLE_OBJC_WEAK = YES;
				CLANG_WARN_BLOCK_CAPTURE_AUTORELEASING = YES;
				CLANG_WARN_BOOL_CONVERSION = YES;
				CLANG_WARN_COMMA = YES;
				CLANG_WARN_CONSTANT_CONVERSION = YES;
				CLANG_WARN_DEPRECATED_OBJC_IMPLEMENTATIONS = YES;
				CLANG_WARN_DIRECT_OBJC_ISA_USAGE = YES_ERROR;
				CLANG_WARN_DOCUMENTATION_COMMENTS = YES;
				CLANG_WARN_EMPTY_BODY = YES;
				CLANG_WARN_ENUM_CONVERSION = YES;
				CLANG_WARN_INFINITE_RECURSION = YES;
				CLANG_WARN_INT_CONVERSION = YES;
				CLANG_WARN_NON_LITERAL_NULL_CONVERSION = YES;
				CLANG_WARN_OBJC_IMPLICIT_RETAIN_SELF = YES;
				CLANG_WARN_OBJC_LITERAL_CONVERSION = YES;
				CLANG_WARN_OBJC_ROOT_CLASS = YES_ERROR;
				CLANG_WARN_RANGE_LOOP_ANALYSIS = YES;
				CLANG_WARN_STRICT_PROTOTYPES = YES;
				CLANG_WARN_SUSPICIOUS_MOVE = YES;
				CLANG_WARN_UNGUARDED_AVAILABILITY = YES_AGGRESSIVE;
				CLANG_WARN_UNREACHABLE_CODE = YES;
				CLANG_WARN__DUPLICATE_METHOD_MATCH = YES;
				CODE_SIGN_IDENTITY = "iPhone Developer";
				COPY_PHASE_STRIP = NO;
				DEBUG_INFORMATION_FORMAT = "dwarf-with-dsym";
				ENABLE_NS_ASSERTIONS = NO;
				ENABLE_STRICT_OBJC_MSGSEND = YES;
				GCC_C_LANGUAGE_STANDARD = gnu11;
				GCC_NO_COMMON_BLOCKS = YES;
				GCC_WARN_64_TO_32_BIT_CONVERSION = YES;
				GCC_WARN_ABOUT_RETURN_TYPE = YES_ERROR;
				GCC_WARN_UNDECLARED_SELECTOR = YES;
				GCC_WARN_UNINITIALIZED_AUTOS = YES_AGGRESSIVE;
				GCC_WARN_UNUSED_FUNCTION = YES;
				GCC_WARN_UNUSED_VARIABLE = YES;
				IPHONEOS_DEPLOYMENT_TARGET = 12.2;
				MTL_ENABLE_DEBUG_INFO = NO;
				MTL_FAST_MATH = YES;
				SDKROOT = iphoneos;
				SWIFT_COMPILATION_MODE = wholemodule;
				SWIFT_OPTIMIZATION_LEVEL = "-O";
				VALIDATE_PRODUCT = YES;
			};
			name = Release;
		};
		3D9312102289DD50000C2635 /* Debug */ = {
			isa = XCBuildConfiguration;
			baseConfigurationReference = 2FA250FFD5C04EF18BDC5CF8 /* Pods-pocketAssistant.debug.xcconfig */;
			buildSettings = {
				ASSETCATALOG_COMPILER_APPICON_NAME = AppIcon;
				CODE_SIGN_STYLE = Automatic;
				DEVELOPMENT_TEAM = UQ28865C6V;
				INFOPLIST_FILE = pocketAssistant/Info.plist;
				IPHONEOS_DEPLOYMENT_TARGET = 9.0;
				LD_RUNPATH_SEARCH_PATHS = (
					"$(inherited)",
					"@executable_path/Frameworks",
				);
				PRODUCT_BUNDLE_IDENTIFIER = dinamo.pocketAssistant;
				PRODUCT_NAME = "$(TARGET_NAME)";
				SWIFT_VERSION = 5.0;
				TARGETED_DEVICE_FAMILY = "1,2";
			};
			name = Debug;
		};
		3D9312112289DD50000C2635 /* Release */ = {
			isa = XCBuildConfiguration;
			baseConfigurationReference = 9EA8807EC4015E34BDD645DA /* Pods-pocketAssistant.release.xcconfig */;
			buildSettings = {
				ASSETCATALOG_COMPILER_APPICON_NAME = AppIcon;
				CODE_SIGN_STYLE = Automatic;
				DEVELOPMENT_TEAM = UQ28865C6V;
				INFOPLIST_FILE = pocketAssistant/Info.plist;
				IPHONEOS_DEPLOYMENT_TARGET = 9.0;
				LD_RUNPATH_SEARCH_PATHS = (
					"$(inherited)",
					"@executable_path/Frameworks",
				);
				PRODUCT_BUNDLE_IDENTIFIER = dinamo.pocketAssistant;
				PRODUCT_NAME = "$(TARGET_NAME)";
				SWIFT_VERSION = 5.0;
				TARGETED_DEVICE_FAMILY = "1,2";
			};
			name = Release;
		};
		3D9312132289DD50000C2635 /* Debug */ = {
			isa = XCBuildConfiguration;
			baseConfigurationReference = FD99B90E95977651BAF33D81 /* Pods-pocketAssistantTests.debug.xcconfig */;
			buildSettings = {
				ALWAYS_EMBED_SWIFT_STANDARD_LIBRARIES = YES;
				BUNDLE_LOADER = "$(TEST_HOST)";
				CODE_SIGN_STYLE = Automatic;
				INFOPLIST_FILE = pocketAssistantTests/Info.plist;
				LD_RUNPATH_SEARCH_PATHS = (
					"$(inherited)",
					"@executable_path/Frameworks",
					"@loader_path/Frameworks",
				);
				PRODUCT_BUNDLE_IDENTIFIER = dinamo.pocketAssistantTests;
				PRODUCT_NAME = "$(TARGET_NAME)";
				SWIFT_VERSION = 5.0;
				TARGETED_DEVICE_FAMILY = "1,2";
				TEST_HOST = "$(BUILT_PRODUCTS_DIR)/pocketAssistant.app/pocketAssistant";
			};
			name = Debug;
		};
		3D9312142289DD50000C2635 /* Release */ = {
			isa = XCBuildConfiguration;
			baseConfigurationReference = 7691126919138FD928000AE8 /* Pods-pocketAssistantTests.release.xcconfig */;
			buildSettings = {
				ALWAYS_EMBED_SWIFT_STANDARD_LIBRARIES = YES;
				BUNDLE_LOADER = "$(TEST_HOST)";
				CODE_SIGN_STYLE = Automatic;
				INFOPLIST_FILE = pocketAssistantTests/Info.plist;
				LD_RUNPATH_SEARCH_PATHS = (
					"$(inherited)",
					"@executable_path/Frameworks",
					"@loader_path/Frameworks",
				);
				PRODUCT_BUNDLE_IDENTIFIER = dinamo.pocketAssistantTests;
				PRODUCT_NAME = "$(TARGET_NAME)";
				SWIFT_VERSION = 5.0;
				TARGETED_DEVICE_FAMILY = "1,2";
				TEST_HOST = "$(BUILT_PRODUCTS_DIR)/pocketAssistant.app/pocketAssistant";
			};
			name = Release;
		};
		3D9312162289DD50000C2635 /* Debug */ = {
			isa = XCBuildConfiguration;
			baseConfigurationReference = 4035907E3AF831FFA15F767C /* Pods-pocketAssistantUITests.debug.xcconfig */;
			buildSettings = {
				ALWAYS_EMBED_SWIFT_STANDARD_LIBRARIES = YES;
				CODE_SIGN_STYLE = Automatic;
				INFOPLIST_FILE = pocketAssistantUITests/Info.plist;
				LD_RUNPATH_SEARCH_PATHS = (
					"$(inherited)",
					"@executable_path/Frameworks",
					"@loader_path/Frameworks",
				);
				PRODUCT_BUNDLE_IDENTIFIER = dinamo.pocketAssistantUITests;
				PRODUCT_NAME = "$(TARGET_NAME)";
				SWIFT_VERSION = 5.0;
				TARGETED_DEVICE_FAMILY = "1,2";
				TEST_TARGET_NAME = pocketAssistant;
			};
			name = Debug;
		};
		3D9312172289DD50000C2635 /* Release */ = {
			isa = XCBuildConfiguration;
			baseConfigurationReference = D81F925CCA800DB54FAE32EE /* Pods-pocketAssistantUITests.release.xcconfig */;
			buildSettings = {
				ALWAYS_EMBED_SWIFT_STANDARD_LIBRARIES = YES;
				CODE_SIGN_STYLE = Automatic;
				INFOPLIST_FILE = pocketAssistantUITests/Info.plist;
				LD_RUNPATH_SEARCH_PATHS = (
					"$(inherited)",
					"@executable_path/Frameworks",
					"@loader_path/Frameworks",
				);
				PRODUCT_BUNDLE_IDENTIFIER = dinamo.pocketAssistantUITests;
				PRODUCT_NAME = "$(TARGET_NAME)";
				SWIFT_VERSION = 5.0;
				TARGETED_DEVICE_FAMILY = "1,2";
				TEST_TARGET_NAME = pocketAssistant;
			};
			name = Release;
		};
/* End XCBuildConfiguration section */

/* Begin XCConfigurationList section */
		3D9311E22289DD4E000C2635 /* Build configuration list for PBXProject "pocketAssistant" */ = {
			isa = XCConfigurationList;
			buildConfigurations = (
				3D93120D2289DD50000C2635 /* Debug */,
				3D93120E2289DD50000C2635 /* Release */,
			);
			defaultConfigurationIsVisible = 0;
			defaultConfigurationName = Release;
		};
		3D93120F2289DD50000C2635 /* Build configuration list for PBXNativeTarget "pocketAssistant" */ = {
			isa = XCConfigurationList;
			buildConfigurations = (
				3D9312102289DD50000C2635 /* Debug */,
				3D9312112289DD50000C2635 /* Release */,
			);
			defaultConfigurationIsVisible = 0;
			defaultConfigurationName = Release;
		};
		3D9312122289DD50000C2635 /* Build configuration list for PBXNativeTarget "pocketAssistantTests" */ = {
			isa = XCConfigurationList;
			buildConfigurations = (
				3D9312132289DD50000C2635 /* Debug */,
				3D9312142289DD50000C2635 /* Release */,
			);
			defaultConfigurationIsVisible = 0;
			defaultConfigurationName = Release;
		};
		3D9312152289DD50000C2635 /* Build configuration list for PBXNativeTarget "pocketAssistantUITests" */ = {
			isa = XCConfigurationList;
			buildConfigurations = (
				3D9312162289DD50000C2635 /* Debug */,
				3D9312172289DD50000C2635 /* Release */,
			);
			defaultConfigurationIsVisible = 0;
			defaultConfigurationName = Release;
		};
/* End XCConfigurationList section */
	};
	rootObject = 3D9311DF2289DD4E000C2635 /* Project object */;
}
